// !$*UTF8*$!
{
	archiveVersion = 1;
	classes = {
	};
	objectVersion = 56;
	objects = {

/* Begin PBXBuildFile section */
		DD245F7829F9814D00D6DB87 /* AppDelegate.swift in Sources */ = {isa = PBXBuildFile; fileRef = DD245F7729F9814D00D6DB87 /* AppDelegate.swift */; };
		DD245F7A29F9814D00D6DB87 /* SceneDelegate.swift in Sources */ = {isa = PBXBuildFile; fileRef = DD245F7929F9814D00D6DB87 /* SceneDelegate.swift */; };
		DD245F7C29F9814D00D6DB87 /* ViewController.swift in Sources */ = {isa = PBXBuildFile; fileRef = DD245F7B29F9814D00D6DB87 /* ViewController.swift */; };
		DD245F7F29F9814D00D6DB87 /* Main.storyboard in Resources */ = {isa = PBXBuildFile; fileRef = DD245F7D29F9814D00D6DB87 /* Main.storyboard */; };
		DD245F8229F9814D00D6DB87 /* _023_StateRestoringPractice.xcdatamodeld in Sources */ = {isa = PBXBuildFile; fileRef = DD245F8029F9814D00D6DB87 /* _023_StateRestoringPractice.xcdatamodeld */; };
		DD245F8429F9814E00D6DB87 /* Assets.xcassets in Resources */ = {isa = PBXBuildFile; fileRef = DD245F8329F9814E00D6DB87 /* Assets.xcassets */; };
		DD245F8729F9814E00D6DB87 /* LaunchScreen.storyboard in Resources */ = {isa = PBXBuildFile; fileRef = DD245F8529F9814E00D6DB87 /* LaunchScreen.storyboard */; };
		DD245F8F29F9895300D6DB87 /* SceneDelegate+StateRestoration.swift in Sources */ = {isa = PBXBuildFile; fileRef = DD245F8E29F9895300D6DB87 /* SceneDelegate+StateRestoration.swift */; };
/* End PBXBuildFile section */

/* Begin PBXFileReference section */
		DD245F7429F9814D00D6DB87 /* 2023.StateRestoringPractice.app */ = {isa = PBXFileReference; explicitFileType = wrapper.application; includeInIndex = 0; path = 2023.StateRestoringPractice.app; sourceTree = BUILT_PRODUCTS_DIR; };
		DD245F7729F9814D00D6DB87 /* AppDelegate.swift */ = {isa = PBXFileReference; lastKnownFileType = sourcecode.swift; path = AppDelegate.swift; sourceTree = "<group>"; };
		DD245F7929F9814D00D6DB87 /* SceneDelegate.swift */ = {isa = PBXFileReference; lastKnownFileType = sourcecode.swift; path = SceneDelegate.swift; sourceTree = "<group>"; };
		DD245F7B29F9814D00D6DB87 /* ViewController.swift */ = {isa = PBXFileReference; lastKnownFileType = sourcecode.swift; path = ViewController.swift; sourceTree = "<group>"; };
		DD245F7E29F9814D00D6DB87 /* Base */ = {isa = PBXFileReference; lastKnownFileType = file.storyboard; name = Base; path = Base.lproj/Main.storyboard; sourceTree = "<group>"; };
		DD245F8129F9814D00D6DB87 /* _023_StateRestoringPractice.xcdatamodel */ = {isa = PBXFileReference; lastKnownFileType = wrapper.xcdatamodel; path = _023_StateRestoringPractice.xcdatamodel; sourceTree = "<group>"; };
		DD245F8329F9814E00D6DB87 /* Assets.xcassets */ = {isa = PBXFileReference; lastKnownFileType = folder.assetcatalog; path = Assets.xcassets; sourceTree = "<group>"; };
		DD245F8629F9814E00D6DB87 /* Base */ = {isa = PBXFileReference; lastKnownFileType = file.storyboard; name = Base; path = Base.lproj/LaunchScreen.storyboard; sourceTree = "<group>"; };
		DD245F8829F9814E00D6DB87 /* Info.plist */ = {isa = PBXFileReference; lastKnownFileType = text.plist.xml; path = Info.plist; sourceTree = "<group>"; };
		DD245F8E29F9895300D6DB87 /* SceneDelegate+StateRestoration.swift */ = {isa = PBXFileReference; lastKnownFileType = sourcecode.swift; path = "SceneDelegate+StateRestoration.swift"; sourceTree = "<group>"; };
/* End PBXFileReference section */

/* Begin PBXFrameworksBuildPhase section */
		DD245F7129F9814D00D6DB87 /* Frameworks */ = {
			isa = PBXFrameworksBuildPhase;
			buildActionMask = 2147483647;
			files = (
			);
			runOnlyForDeploymentPostprocessing = 0;
		};
/* End PBXFrameworksBuildPhase section */

/* Begin PBXGroup section */
		DD245F6B29F9814D00D6DB87 = {
			isa = PBXGroup;
			children = (
				DD245F8E29F9895300D6DB87 /* SceneDelegate+StateRestoration.swift */,
				DD245F7629F9814D00D6DB87 /* 2023.StateRestoringPractice */,
				DD245F7529F9814D00D6DB87 /* Products */,
			);
			sourceTree = "<group>";
		};
		DD245F7529F9814D00D6DB87 /* Products */ = {
			isa = PBXGroup;
			children = (
				DD245F7429F9814D00D6DB87 /* 2023.StateRestoringPractice.app */,
			);
			name = Products;
			sourceTree = "<group>";
		};
		DD245F7629F9814D00D6DB87 /* 2023.StateRestoringPractice */ = {
			isa = PBXGroup;
			children = (
				DD245F7729F9814D00D6DB87 /* AppDelegate.swift */,
				DD245F7929F9814D00D6DB87 /* SceneDelegate.swift */,
				DD245F7B29F9814D00D6DB87 /* ViewController.swift */,
				DD245F7D29F9814D00D6DB87 /* Main.storyboard */,
				DD245F8329F9814E00D6DB87 /* Assets.xcassets */,
				DD245F8529F9814E00D6DB87 /* LaunchScreen.storyboard */,
				DD245F8829F9814E00D6DB87 /* Info.plist */,
				DD245F8029F9814D00D6DB87 /* _023_StateRestoringPractice.xcdatamodeld */,
			);
			path = 2023.StateRestoringPractice;
			sourceTree = "<group>";
		};
/* End PBXGroup section */

/* Begin PBXNativeTarget section */
		DD245F7329F9814D00D6DB87 /* 2023.StateRestoringPractice */ = {
			isa = PBXNativeTarget;
			buildConfigurationList = DD245F8B29F9814E00D6DB87 /* Build configuration list for PBXNativeTarget "2023.StateRestoringPractice" */;
			buildPhases = (
				DD245F7029F9814D00D6DB87 /* Sources */,
				DD245F7129F9814D00D6DB87 /* Frameworks */,
				DD245F7229F9814D00D6DB87 /* Resources */,
			);
			buildRules = (
			);
			dependencies = (
			);
			name = 2023.StateRestoringPractice;
			productName = 2023.StateRestoringPractice;
			productReference = DD245F7429F9814D00D6DB87 /* 2023.StateRestoringPractice.app */;
			productType = "com.apple.product-type.application";
		};
/* End PBXNativeTarget section */

/* Begin PBXProject section */
		DD245F6C29F9814D00D6DB87 /* Project object */ = {
			isa = PBXProject;
			attributes = {
				BuildIndependentTargetsInParallel = 1;
				LastSwiftUpdateCheck = 1420;
				LastUpgradeCheck = 1420;
				TargetAttributes = {
					DD245F7329F9814D00D6DB87 = {
						CreatedOnToolsVersion = 14.2;
					};
				};
			};
			buildConfigurationList = DD245F6F29F9814D00D6DB87 /* Build configuration list for PBXProject "2023.StateRestoringPractice" */;
			compatibilityVersion = "Xcode 14.0";
			developmentRegion = en;
			hasScannedForEncodings = 0;
			knownRegions = (
				en,
				Base,
			);
			mainGroup = DD245F6B29F9814D00D6DB87;
			productRefGroup = DD245F7529F9814D00D6DB87 /* Products */;
			projectDirPath = "";
			projectRoot = "";
			targets = (
				DD245F7329F9814D00D6DB87 /* 2023.StateRestoringPractice */,
			);
		};
/* End PBXProject section */

/* Begin PBXResourcesBuildPhase section */
		DD245F7229F9814D00D6DB87 /* Resources */ = {
			isa = PBXResourcesBuildPhase;
			buildActionMask = 2147483647;
			files = (
				DD245F8729F9814E00D6DB87 /* LaunchScreen.storyboard in Resources */,
				DD245F8429F9814E00D6DB87 /* Assets.xcassets in Resources */,
				DD245F7F29F9814D00D6DB87 /* Main.storyboard in Resources */,
			);
			runOnlyForDeploymentPostprocessing = 0;
		};
/* End PBXResourcesBuildPhase section */

/* Begin PBXSourcesBuildPhase section */
		DD245F7029F9814D00D6DB87 /* Sources */ = {
			isa = PBXSourcesBuildPhase;
			buildActionMask = 2147483647;
			files = (
				DD245F8229F9814D00D6DB87 /* _023_StateRestoringPractice.xcdatamodeld in Sources */,
				DD245F7C29F9814D00D6DB87 /* ViewController.swift in Sources */,
				DD245F7829F9814D00D6DB87 /* AppDelegate.swift in Sources */,
				DD245F7A29F9814D00D6DB87 /* SceneDelegate.swift in Sources */,
				DD245F8F29F9895300D6DB87 /* SceneDelegate+StateRestoration.swift in Sources */,
			);
			runOnlyForDeploymentPostprocessing = 0;
		};
/* End PBXSourcesBuildPhase section */

/* Begin PBXVariantGroup section */
		DD245F7D29F9814D00D6DB87 /* Main.storyboard */ = {
			isa = PBXVariantGroup;
			children = (
				DD245F7E29F9814D00D6DB87 /* Base */,
			);
			name = Main.storyboard;
			sourceTree = "<group>";
		};
		DD245F8529F9814E00D6DB87 /* LaunchScreen.storyboard */ = {
			isa = PBXVariantGroup;
			children = (
				DD245F8629F9814E00D6DB87 /* Base */,
			);
			name = LaunchScreen.storyboard;
			sourceTree = "<group>";
		};
/* End PBXVariantGroup section */

/* Begin XCBuildConfiguration section */
		DD245F8929F9814E00D6DB87 /* Debug */ = {
			isa = XCBuildConfiguration;
			buildSettings = {
				ALWAYS_SEARCH_USER_PATHS = NO;
				CLANG_ANALYZER_NONNULL = YES;
				CLANG_ANALYZER_NUMBER_OBJECT_CONVERSION = YES_AGGRESSIVE;
				CLANG_CXX_LANGUAGE_STANDARD = "gnu++20";
				CLANG_ENABLE_MODULES = YES;
				CLANG_ENABLE_OBJC_ARC = YES;
				CLANG_ENABLE_OBJC_WEAK = YES;
				CLANG_WARN_BLOCK_CAPTURE_AUTORELEASING = YES;
				CLANG_WARN_BOOL_CONVERSION = YES;
				CLANG_WARN_COMMA = YES;
				CLANG_WARN_CONSTANT_CONVERSION = YES;
				CLANG_WARN_DEPRECATED_OBJC_IMPLEMENTATIONS = YES;
				CLANG_WARN_DIRECT_OBJC_ISA_USAGE = YES_ERROR;
				CLANG_WARN_DOCUMENTATION_COMMENTS = YES;
				CLANG_WARN_EMPTY_BODY = YES;
				CLANG_WARN_ENUM_CONVERSION = YES;
				CLANG_WARN_INFINITE_RECURSION = YES;
				CLANG_WARN_INT_CONVERSION = YES;
				CLANG_WARN_NON_LITERAL_NULL_CONVERSION = YES;
				CLANG_WARN_OBJC_IMPLICIT_RETAIN_SELF = YES;
				CLANG_WARN_OBJC_LITERAL_CONVERSION = YES;
				CLANG_WARN_OBJC_ROOT_CLASS = YES_ERROR;
				CLANG_WARN_QUOTED_INCLUDE_IN_FRAMEWORK_HEADER = YES;
				CLANG_WARN_RANGE_LOOP_ANALYSIS = YES;
				CLANG_WARN_STRICT_PROTOTYPES = YES;
				CLANG_WARN_SUSPICIOUS_MOVE = YES;
				CLANG_WARN_UNGUARDED_AVAILABILITY = YES_AGGRESSIVE;
				CLANG_WARN_UNREACHABLE_CODE = YES;
				CLANG_WARN__DUPLICATE_METHOD_MATCH = YES;
				COPY_PHASE_STRIP = NO;
				DEBUG_INFORMATION_FORMAT = dwarf;
				ENABLE_STRICT_OBJC_MSGSEND = YES;
				ENABLE_TESTABILITY = YES;
				GCC_C_LANGUAGE_STANDARD = gnu11;
				GCC_DYNAMIC_NO_PIC = NO;
				GCC_NO_COMMON_BLOCKS = YES;
				GCC_OPTIMIZATION_LEVEL = 0;
				GCC_PREPROCESSOR_DEFINITIONS = (
					"DEBUG=1",
					"$(inherited)",
				);
				GCC_WARN_64_TO_32_BIT_CONVERSION = YES;
				GCC_WARN_ABOUT_RETURN_TYPE = YES_ERROR;
				GCC_WARN_UNDECLARED_SELECTOR = YES;
				GCC_WARN_UNINITIALIZED_AUTOS = YES_AGGRESSIVE;
				GCC_WARN_UNUSED_FUNCTION = YES;
				GCC_WARN_UNUSED_VARIABLE = YES;
				IPHONEOS_DEPLOYMENT_TARGET = 16.2;
				MTL_ENABLE_DEBUG_INFO = INCLUDE_SOURCE;
				MTL_FAST_MATH = YES;
				ONLY_ACTIVE_ARCH = YES;
				SDKROOT = iphoneos;
				SWIFT_ACTIVE_COMPILATION_CONDITIONS = DEBUG;
				SWIFT_OPTIMIZATION_LEVEL = "-Onone";
			};
			name = Debug;
		};
		DD245F8A29F9814E00D6DB87 /* Release */ = {
			isa = XCBuildConfiguration;
			buildSettings = {
				ALWAYS_SEARCH_USER_PATHS = NO;
				CLANG_ANALYZER_NONNULL = YES;
				CLANG_ANALYZER_NUMBER_OBJECT_CONVERSION = YES_AGGRESSIVE;
				CLANG_CXX_LANGUAGE_STANDARD = "gnu++20";
				CLANG_ENABLE_MODULES = YES;
				CLANG_ENABLE_OBJC_ARC = YES;
				CLANG_ENABLE_OBJC_WEAK = YES;
				CLANG_WARN_BLOCK_CAPTURE_AUTORELEASING = YES;
				CLANG_WARN_BOOL_CONVERSION = YES;
				CLANG_WARN_COMMA = YES;
				CLANG_WARN_CONSTANT_CONVERSION = YES;
				CLANG_WARN_DEPRECATED_OBJC_IMPLEMENTATIONS = YES;
				CLANG_WARN_DIRECT_OBJC_ISA_USAGE = YES_ERROR;
				CLANG_WARN_DOCUMENTATION_COMMENTS = YES;
				CLANG_WARN_EMPTY_BODY = YES;
				CLANG_WARN_ENUM_CONVERSION = YES;
				CLANG_WARN_INFINITE_RECURSION = YES;
				CLANG_WARN_INT_CONVERSION = YES;
				CLANG_WARN_NON_LITERAL_NULL_CONVERSION = YES;
				CLANG_WARN_OBJC_IMPLICIT_RETAIN_SELF = YES;
				CLANG_WARN_OBJC_LITERAL_CONVERSION = YES;
				CLANG_WARN_OBJC_ROOT_CLASS = YES_ERROR;
				CLANG_WARN_QUOTED_INCLUDE_IN_FRAMEWORK_HEADER = YES;
				CLANG_WARN_RANGE_LOOP_ANALYSIS = YES;
				CLANG_WARN_STRICT_PROTOTYPES = YES;
				CLANG_WARN_SUSPICIOUS_MOVE = YES;
				CLANG_WARN_UNGUARDED_AVAILABILITY = YES_AGGRESSIVE;
				CLANG_WARN_UNREACHABLE_CODE = YES;
				CLANG_WARN__DUPLICATE_METHOD_MATCH = YES;
				COPY_PHASE_STRIP = NO;
				DEBUG_INFORMATION_FORMAT = "dwarf-with-dsym";
				ENABLE_NS_ASSERTIONS = NO;
				ENABLE_STRICT_OBJC_MSGSEND = YES;
				GCC_C_LANGUAGE_STANDARD = gnu11;
				GCC_NO_COMMON_BLOCKS = YES;
				GCC_WARN_64_TO_32_BIT_CONVERSION = YES;
				GCC_WARN_ABOUT_RETURN_TYPE = YES_ERROR;
				GCC_WARN_UNDECLARED_SELECTOR = YES;
				GCC_WARN_UNINITIALIZED_AUTOS = YES_AGGRESSIVE;
				GCC_WARN_UNUSED_FUNCTION = YES;
				GCC_WARN_UNUSED_VARIABLE = YES;
				IPHONEOS_DEPLOYMENT_TARGET = 16.2;
				MTL_ENABLE_DEBUG_INFO = NO;
				MTL_FAST_MATH = YES;
				SDKROOT = iphoneos;
				SWIFT_COMPILATION_MODE = wholemodule;
				SWIFT_OPTIMIZATION_LEVEL = "-O";
				VALIDATE_PRODUCT = YES;
			};
			name = Release;
		};
		DD245F8C29F9814E00D6DB87 /* Debug */ = {
			isa = XCBuildConfiguration;
			buildSettings = {
				ASSETCATALOG_COMPILER_APPICON_NAME = AppIcon;
				ASSETCATALOG_COMPILER_GLOBAL_ACCENT_COLOR_NAME = AccentColor;
				CODE_SIGN_STYLE = Automatic;
				CURRENT_PROJECT_VERSION = 1;
				DEVELOPMENT_TEAM = WGV47WB79A;
				GENERATE_INFOPLIST_FILE = YES;
				INFOPLIST_FILE = 2023.StateRestoringPractice/Info.plist;
				INFOPLIST_KEY_UIApplicationSupportsIndirectInputEvents = YES;
				INFOPLIST_KEY_UILaunchStoryboardName = LaunchScreen;
				INFOPLIST_KEY_UIMainStoryboardFile = Main;
				INFOPLIST_KEY_UISupportedInterfaceOrientations_iPad = "UIInterfaceOrientationPortrait UIInterfaceOrientationPortraitUpsideDown UIInterfaceOrientationLandscapeLeft UIInterfaceOrientationLandscapeRight";
				INFOPLIST_KEY_UISupportedInterfaceOrientations_iPhone = "UIInterfaceOrientationPortrait UIInterfaceOrientationLandscapeLeft UIInterfaceOrientationLandscapeRight";
				LD_RUNPATH_SEARCH_PATHS = (
					"$(inherited)",
					"@executable_path/Frameworks",
				);
				MARKETING_VERSION = 1.0;
				PRODUCT_BUNDLE_IDENTIFIER = "com.gmail.-023-StateRestoringPractice";
				PRODUCT_NAME = "$(TARGET_NAME)";
				SWIFT_EMIT_LOC_STRINGS = YES;
				SWIFT_VERSION = 5.0;
				TARGETED_DEVICE_FAMILY = "1,2";
			};
			name = Debug;
		};
		DD245F8D29F9814E00D6DB87 /* Release */ = {
			isa = XCBuildConfiguration;
			buildSettings = {
				ASSETCATALOG_COMPILER_APPICON_NAME = AppIcon;
				ASSETCATALOG_COMPILER_GLOBAL_ACCENT_COLOR_NAME = AccentColor;
				CODE_SIGN_STYLE = Automatic;
				CURRENT_PROJECT_VERSION = 1;
				DEVELOPMENT_TEAM = WGV47WB79A;
				GENERATE_INFOPLIST_FILE = YES;
				INFOPLIST_FILE = 2023.StateRestoringPractice/Info.plist;
				INFOPLIST_KEY_UIApplicationSupportsIndirectInputEvents = YES;
				INFOPLIST_KEY_UILaunchStoryboardName = LaunchScreen;
				INFOPLIST_KEY_UIMainStoryboardFile = Main;
				INFOPLIST_KEY_UISupportedInterfaceOrientations_iPad = "UIInterfaceOrientationPortrait UIInterfaceOrientationPortraitUpsideDown UIInterfaceOrientationLandscapeLeft UIInterfaceOrientationLandscapeRight";
				INFOPLIST_KEY_UISupportedInterfaceOrientations_iPhone = "UIInterfaceOrientationPortrait UIInterfaceOrientationLandscapeLeft UIInterfaceOrientationLandscapeRight";
				LD_RUNPATH_SEARCH_PATHS = (
					"$(inherited)",
					"@executable_path/Frameworks",
				);
				MARKETING_VERSION = 1.0;
				PRODUCT_BUNDLE_IDENTIFIER = "com.gmail.-023-StateRestoringPractice";
				PRODUCT_NAME = "$(TARGET_NAME)";
				SWIFT_EMIT_LOC_STRINGS = YES;
				SWIFT_VERSION = 5.0;
				TARGETED_DEVICE_FAMILY = "1,2";
			};
			name = Release;
		};
/* End XCBuildConfiguration section */

/* Begin XCConfigurationList section */
		DD245F6F29F9814D00D6DB87 /* Build configuration list for PBXProject "2023.StateRestoringPractice" */ = {
			isa = XCConfigurationList;
			buildConfigurations = (
				DD245F8929F9814E00D6DB87 /* Debug */,
				DD245F8A29F9814E00D6DB87 /* Release */,
			);
			defaultConfigurationIsVisible = 0;
			defaultConfigurationName = Release;
		};
		DD245F8B29F9814E00D6DB87 /* Build configuration list for PBXNativeTarget "2023.StateRestoringPractice" */ = {
			isa = XCConfigurationList;
			buildConfigurations = (
				DD245F8C29F9814E00D6DB87 /* Debug */,
				DD245F8D29F9814E00D6DB87 /* Release */,
			);
			defaultConfigurationIsVisible = 0;
			defaultConfigurationName = Release;
		};
/* End XCConfigurationList section */

/* Begin XCVersionGroup section */
		DD245F8029F9814D00D6DB87 /* _023_StateRestoringPractice.xcdatamodeld */ = {
			isa = XCVersionGroup;
			children = (
				DD245F8129F9814D00D6DB87 /* _023_StateRestoringPractice.xcdatamodel */,
			);
			currentVersion = DD245F8129F9814D00D6DB87 /* _023_StateRestoringPractice.xcdatamodel */;
			path = _023_StateRestoringPractice.xcdatamodeld;
			sourceTree = "<group>";
			versionGroupType = wrapper.xcdatamodel;
		};
/* End XCVersionGroup section */
	};
	rootObject = DD245F6C29F9814D00D6DB87 /* Project object */;
}
